# This file is automatically @generated by Cargo.
# It is not intended for manual editing.
version = 3

[[package]]
name = "crc"
version = "3.2.1"
source = "registry+https://github.com/rust-lang/crates.io-index"
checksum = "69e6e4d7b33a94f0991c26729976b10ebde1d34c3ee82408fb536164fa10d636"
dependencies = [
 "crc-catalog",
]

[[package]]
name = "crc-catalog"
version = "2.4.0"
source = "registry+https://github.com/rust-lang/crates.io-index"
checksum = "19d374276b40fb8bbdee95aef7c7fa6b5316ec764510eb64b8dd0e2ed0d7e7f5"

[[package]]
name = "embedded-io"
version = "0.6.1"
source = "registry+https://github.com/rust-lang/crates.io-index"
checksum = "edd0f118536f44f5ccd48bcb8b111bdc3de888b58c74639dfb034a357d0f206d"

[[package]]
name = "embedded-io-async"
version = "0.6.1"
source = "registry+https://github.com/rust-lang/crates.io-index"
checksum = "3ff09972d4073aa8c299395be75161d582e7629cd663171d62af73c8d50dba3f"
dependencies = [
 "embedded-io",
]

[[package]]
name = "embedded-storage"
version = "0.3.1"
source = "registry+https://github.com/rust-lang/crates.io-index"
checksum = "a21dea9854beb860f3062d10228ce9b976da520a73474aed3171ec276bc0c032"

[[package]]
name = "esp-ota-nostd"
version = "0.1.0"
dependencies = [
 "crc",
 "embedded-io-async",
 "embedded-storage",
 "esp-partition-table",
 "log",
 "portable-atomic",
]

[[package]]
name = "esp-partition-table"
version = "0.1.1"
source = "registry+https://github.com/rust-lang/crates.io-index"
checksum = "c2f5b2accc551f643064854e8cbe82727ba6d15eeaae28cab18c8bc54ec411e4"
dependencies = [
 "embedded-storage",
 "md5",
]

[[package]]
name = "log"
version = "0.4.22"
source = "registry+https://github.com/rust-lang/crates.io-index"
checksum = "a7a70ba024b9dc04c27ea2f0c0548feb474ec5c54bba33a7f72f873a39d07b24"

[[package]]
name = "md5"
version = "0.7.0"
source = "registry+https://github.com/rust-lang/crates.io-index"
checksum = "490cc448043f947bae3cbee9c203358d62dbee0db12107a74be5c30ccfd09771"

[[package]]
name = "portable-atomic"
version = "1.6.0"
source = "registry+https://github.com/rust-lang/crates.io-index"
checksum = "7170ef9988bc169ba16dd36a7fa041e5c4cbeb6a35b76d4c03daded371eae7c0"
